
Microsoft Visual Studio Solution File, Format Version 12.00
# Visual Studio Version 17
VisualStudioVersion = 17.13.36105.23
MinimumVisualStudioVersion = 10.0.40219.1
Project("{FAE04EC0-301F-11D3-BF4B-00C04F79EFBC}") = "Fibonacci", "Fibonacci\Fibonacci.csproj", "{AC166AE7-D530-4C17-97BF-36942B90D959}"
EndProject
Project("{FAE04EC0-301F-11D3-BF4B-00C04F79EFBC}") = "Subset sum", "Subset sum\Subset sum.csproj", "{D4A9AC63-484A-408F-99C8-1DA3481ED3C4}"
EndProject
Project("{FAE04EC0-301F-11D3-BF4B-00C04F79EFBC}") = "Subset sum with repetition", "Subset sum with repetition\Subset sum with repetition.csproj", "{8A7F394F-AAB5-4BC5-9212-93A29B6682BF}"
EndProject
Global
	GlobalSection(SolutionConfigurationPlatforms) = preSolution
		Debug|Any CPU = Debug|Any CPU
		Release|Any CPU = Release|Any CPU
	EndGlobalSection
	GlobalSection(ProjectConfigurationPlatforms) = postSolution
		{AC166AE7-D530-4C17-97BF-36942B90D959}.Debug|Any CPU.ActiveCfg = Debug|Any CPU
		{AC166AE7-D530-4C17-97BF-36942B90D959}.Debug|Any CPU.Build.0 = Debug|Any CPU
		{AC166AE7-D530-4C17-97BF-36942B90D959}.Release|Any CPU.ActiveCfg = Release|Any CPU
		{AC166AE7-D530-4C17-97BF-36942B90D959}.Release|Any CPU.Build.0 = Release|Any CPU
		{D4A9AC63-484A-408F-99C8-1DA3481ED3C4}.Debug|Any CPU.ActiveCfg = Debug|Any CPU
		{D4A9AC63-484A-408F-99C8-1DA3481ED3C4}.Debug|Any CPU.Build.0 = Debug|Any CPU
		{D4A9AC63-484A-408F-99C8-1DA3481ED3C4}.Release|Any CPU.ActiveCfg = Release|Any CPU
		{D4A9AC63-484A-408F-99C8-1DA3481ED3C4}.Release|Any CPU.Build.0 = Release|Any CPU
		{8A7F394F-AAB5-4BC5-9212-93A29B6682BF}.Debug|Any CPU.ActiveCfg = Debug|Any CPU
		{8A7F394F-AAB5-4BC5-9212-93A29B6682BF}.Debug|Any CPU.Build.0 = Debug|Any CPU
		{8A7F394F-AAB5-4BC5-9212-93A29B6682BF}.Release|Any CPU.ActiveCfg = Release|Any CPU
		{8A7F394F-AAB5-4BC5-9212-93A29B6682BF}.Release|Any CPU.Build.0 = Release|Any CPU
	EndGlobalSection
	GlobalSection(SolutionProperties) = preSolution
		HideSolutionNode = FALSE
	EndGlobalSection
	GlobalSection(ExtensibilityGlobals) = postSolution
		SolutionGuid = {5FF1307A-DB28-4659-B0C0-64D944F16A29}
	EndGlobalSection
EndGlobal
