
Microsoft Visual Studio Solution File, Format Version 12.00
# Visual Studio Version 17
VisualStudioVersion = 17.13.36105.23
MinimumVisualStudioVersion = 10.0.40219.1
Project("{FAE04EC0-301F-11D3-BF4B-00C04F79EFBC}") = "Strings Mashup", "Strings Mashup\Strings Mashup.csproj", "{26D9D05A-C95F-41FA-94FD-D89C8FE1FD78}"
EndProject
Project("{FAE04EC0-301F-11D3-BF4B-00C04F79EFBC}") = "Rumors", "Rumors\Rumors.csproj", "{2B72C18F-16C5-4BB9-B824-80918CC2097F}"
EndProject
Project("{FAE04EC0-301F-11D3-BF4B-00C04F79EFBC}") = "Bank Robbery", "Bank Robbery\Bank Robbery.csproj", "{39B089ED-1336-4345-91B3-3B7989EC00D6}"
EndProject
Global
	GlobalSection(SolutionConfigurationPlatforms) = preSolution
		Debug|Any CPU = Debug|Any CPU
		Release|Any CPU = Release|Any CPU
	EndGlobalSection
	GlobalSection(ProjectConfigurationPlatforms) = postSolution
		{26D9D05A-C95F-41FA-94FD-D89C8FE1FD78}.Debug|Any CPU.ActiveCfg = Debug|Any CPU
		{26D9D05A-C95F-41FA-94FD-D89C8FE1FD78}.Debug|Any CPU.Build.0 = Debug|Any CPU
		{26D9D05A-C95F-41FA-94FD-D89C8FE1FD78}.Release|Any CPU.ActiveCfg = Release|Any CPU
		{26D9D05A-C95F-41FA-94FD-D89C8FE1FD78}.Release|Any CPU.Build.0 = Release|Any CPU
		{2B72C18F-16C5-4BB9-B824-80918CC2097F}.Debug|Any CPU.ActiveCfg = Debug|Any CPU
		{2B72C18F-16C5-4BB9-B824-80918CC2097F}.Debug|Any CPU.Build.0 = Debug|Any CPU
		{2B72C18F-16C5-4BB9-B824-80918CC2097F}.Release|Any CPU.ActiveCfg = Release|Any CPU
		{2B72C18F-16C5-4BB9-B824-80918CC2097F}.Release|Any CPU.Build.0 = Release|Any CPU
		{39B089ED-1336-4345-91B3-3B7989EC00D6}.Debug|Any CPU.ActiveCfg = Debug|Any CPU
		{39B089ED-1336-4345-91B3-3B7989EC00D6}.Debug|Any CPU.Build.0 = Debug|Any CPU
		{39B089ED-1336-4345-91B3-3B7989EC00D6}.Release|Any CPU.ActiveCfg = Release|Any CPU
		{39B089ED-1336-4345-91B3-3B7989EC00D6}.Release|Any CPU.Build.0 = Release|Any CPU
	EndGlobalSection
	GlobalSection(SolutionProperties) = preSolution
		HideSolutionNode = FALSE
	EndGlobalSection
	GlobalSection(ExtensibilityGlobals) = postSolution
		SolutionGuid = {F515D6A2-1459-48C4-946C-0145E0F21F9F}
	EndGlobalSection
EndGlobal
