
Microsoft Visual Studio Solution File, Format Version 12.00
# Visual Studio Version 17
VisualStudioVersion = 17.13.36105.23
MinimumVisualStudioVersion = 10.0.40219.1
Project("{FAE04EC0-301F-11D3-BF4B-00C04F79EFBC}") = "Connected Components", "Connected Components\Connected Components.csproj", "{ECA4AE59-F22D-49F9-A65E-8AB62B524FC4}"
EndProject
Project("{FAE04EC0-301F-11D3-BF4B-00C04F79EFBC}") = "Topological Sorting", "Topological Sorting\Topological Sorting.csproj", "{26C2C620-A1EB-4687-8C1A-F8BB44BE2D67}"
EndProject
Project("{FAE04EC0-301F-11D3-BF4B-00C04F79EFBC}") = "Topological Sorting DFS", "Topological Sorting DFS\Topological Sorting DFS.csproj", "{C0152AEE-ACB4-4ACB-A90C-06670016C4A6}"
EndProject
Project("{FAE04EC0-301F-11D3-BF4B-00C04F79EFBC}") = "Shortest Path", "Shortest Path\Shortest Path.csproj", "{EDD353AD-F828-46DC-890C-7E40EEBE18A1}"
EndProject
Global
	GlobalSection(SolutionConfigurationPlatforms) = preSolution
		Debug|Any CPU = Debug|Any CPU
		Release|Any CPU = Release|Any CPU
	EndGlobalSection
	GlobalSection(ProjectConfigurationPlatforms) = postSolution
		{ECA4AE59-F22D-49F9-A65E-8AB62B524FC4}.Debug|Any CPU.ActiveCfg = Debug|Any CPU
		{ECA4AE59-F22D-49F9-A65E-8AB62B524FC4}.Debug|Any CPU.Build.0 = Debug|Any CPU
		{ECA4AE59-F22D-49F9-A65E-8AB62B524FC4}.Release|Any CPU.ActiveCfg = Release|Any CPU
		{ECA4AE59-F22D-49F9-A65E-8AB62B524FC4}.Release|Any CPU.Build.0 = Release|Any CPU
		{26C2C620-A1EB-4687-8C1A-F8BB44BE2D67}.Debug|Any CPU.ActiveCfg = Debug|Any CPU
		{26C2C620-A1EB-4687-8C1A-F8BB44BE2D67}.Debug|Any CPU.Build.0 = Debug|Any CPU
		{26C2C620-A1EB-4687-8C1A-F8BB44BE2D67}.Release|Any CPU.ActiveCfg = Release|Any CPU
		{26C2C620-A1EB-4687-8C1A-F8BB44BE2D67}.Release|Any CPU.Build.0 = Release|Any CPU
		{C0152AEE-ACB4-4ACB-A90C-06670016C4A6}.Debug|Any CPU.ActiveCfg = Debug|Any CPU
		{C0152AEE-ACB4-4ACB-A90C-06670016C4A6}.Debug|Any CPU.Build.0 = Debug|Any CPU
		{C0152AEE-ACB4-4ACB-A90C-06670016C4A6}.Release|Any CPU.ActiveCfg = Release|Any CPU
		{C0152AEE-ACB4-4ACB-A90C-06670016C4A6}.Release|Any CPU.Build.0 = Release|Any CPU
		{EDD353AD-F828-46DC-890C-7E40EEBE18A1}.Debug|Any CPU.ActiveCfg = Debug|Any CPU
		{EDD353AD-F828-46DC-890C-7E40EEBE18A1}.Debug|Any CPU.Build.0 = Debug|Any CPU
		{EDD353AD-F828-46DC-890C-7E40EEBE18A1}.Release|Any CPU.ActiveCfg = Release|Any CPU
		{EDD353AD-F828-46DC-890C-7E40EEBE18A1}.Release|Any CPU.Build.0 = Release|Any CPU
	EndGlobalSection
	GlobalSection(SolutionProperties) = preSolution
		HideSolutionNode = FALSE
	EndGlobalSection
	GlobalSection(ExtensibilityGlobals) = postSolution
		SolutionGuid = {C3DCC8DC-E220-4403-87A5-E4F6254000B8}
	EndGlobalSection
EndGlobal
