
Microsoft Visual Studio Solution File, Format Version 12.00
# Visual Studio Version 17
VisualStudioVersion = 17.13.36105.23
MinimumVisualStudioVersion = 10.0.40219.1
Project("{FAE04EC0-301F-11D3-BF4B-00C04F79EFBC}") = "Binary Search", "Binary Search\Binary Search.csproj", "{60FB5997-CFB9-4F4B-A659-35EDC26AA23F}"
EndProject
Project("{FAE04EC0-301F-11D3-BF4B-00C04F79EFBC}") = "Selection Sort", "Selection Sort\Selection Sort.csproj", "{1029BC8F-A949-4272-B7A4-76EAA851E732}"
EndProject
Project("{FAE04EC0-301F-11D3-BF4B-00C04F79EFBC}") = "Bubble Sort", "Bubble Sort\Bubble Sort.csproj", "{54E975B9-7D21-4C2B-A2A0-30B3DBC76AE5}"
EndProject
Project("{FAE04EC0-301F-11D3-BF4B-00C04F79EFBC}") = "Insertion Sort", "Insertion Sort\Insertion Sort.csproj", "{9A4BD098-A1F8-4412-8752-4D86847CAEC5}"
EndProject
Project("{FAE04EC0-301F-11D3-BF4B-00C04F79EFBC}") = "Quicksort", "Quicksort\Quicksort.csproj", "{66834B91-3A35-4182-911A-3A9E1152321C}"
EndProject
Project("{FAE04EC0-301F-11D3-BF4B-00C04F79EFBC}") = "Merge Sort", "Merge Sort\Merge Sort.csproj", "{0004F268-59E7-4B66-9400-278830C8ED9A}"
EndProject
Project("{FAE04EC0-301F-11D3-BF4B-00C04F79EFBC}") = "Sum of Coins", "Sum of Coins\Sum of Coins.csproj", "{ED090C44-20D6-4649-9429-D2885C71D8A6}"
EndProject
Project("{FAE04EC0-301F-11D3-BF4B-00C04F79EFBC}") = "Set Cover", "Set Cover\Set Cover.csproj", "{F0148893-AEED-49CB-A0BE-A39374B3F9D3}"
EndProject
Global
	GlobalSection(SolutionConfigurationPlatforms) = preSolution
		Debug|Any CPU = Debug|Any CPU
		Release|Any CPU = Release|Any CPU
	EndGlobalSection
	GlobalSection(ProjectConfigurationPlatforms) = postSolution
		{60FB5997-CFB9-4F4B-A659-35EDC26AA23F}.Debug|Any CPU.ActiveCfg = Debug|Any CPU
		{60FB5997-CFB9-4F4B-A659-35EDC26AA23F}.Debug|Any CPU.Build.0 = Debug|Any CPU
		{60FB5997-CFB9-4F4B-A659-35EDC26AA23F}.Release|Any CPU.ActiveCfg = Release|Any CPU
		{60FB5997-CFB9-4F4B-A659-35EDC26AA23F}.Release|Any CPU.Build.0 = Release|Any CPU
		{1029BC8F-A949-4272-B7A4-76EAA851E732}.Debug|Any CPU.ActiveCfg = Debug|Any CPU
		{1029BC8F-A949-4272-B7A4-76EAA851E732}.Debug|Any CPU.Build.0 = Debug|Any CPU
		{1029BC8F-A949-4272-B7A4-76EAA851E732}.Release|Any CPU.ActiveCfg = Release|Any CPU
		{1029BC8F-A949-4272-B7A4-76EAA851E732}.Release|Any CPU.Build.0 = Release|Any CPU
		{54E975B9-7D21-4C2B-A2A0-30B3DBC76AE5}.Debug|Any CPU.ActiveCfg = Debug|Any CPU
		{54E975B9-7D21-4C2B-A2A0-30B3DBC76AE5}.Debug|Any CPU.Build.0 = Debug|Any CPU
		{54E975B9-7D21-4C2B-A2A0-30B3DBC76AE5}.Release|Any CPU.ActiveCfg = Release|Any CPU
		{54E975B9-7D21-4C2B-A2A0-30B3DBC76AE5}.Release|Any CPU.Build.0 = Release|Any CPU
		{9A4BD098-A1F8-4412-8752-4D86847CAEC5}.Debug|Any CPU.ActiveCfg = Debug|Any CPU
		{9A4BD098-A1F8-4412-8752-4D86847CAEC5}.Debug|Any CPU.Build.0 = Debug|Any CPU
		{9A4BD098-A1F8-4412-8752-4D86847CAEC5}.Release|Any CPU.ActiveCfg = Release|Any CPU
		{9A4BD098-A1F8-4412-8752-4D86847CAEC5}.Release|Any CPU.Build.0 = Release|Any CPU
		{66834B91-3A35-4182-911A-3A9E1152321C}.Debug|Any CPU.ActiveCfg = Debug|Any CPU
		{66834B91-3A35-4182-911A-3A9E1152321C}.Debug|Any CPU.Build.0 = Debug|Any CPU
		{66834B91-3A35-4182-911A-3A9E1152321C}.Release|Any CPU.ActiveCfg = Release|Any CPU
		{66834B91-3A35-4182-911A-3A9E1152321C}.Release|Any CPU.Build.0 = Release|Any CPU
		{0004F268-59E7-4B66-9400-278830C8ED9A}.Debug|Any CPU.ActiveCfg = Debug|Any CPU
		{0004F268-59E7-4B66-9400-278830C8ED9A}.Debug|Any CPU.Build.0 = Debug|Any CPU
		{0004F268-59E7-4B66-9400-278830C8ED9A}.Release|Any CPU.ActiveCfg = Release|Any CPU
		{0004F268-59E7-4B66-9400-278830C8ED9A}.Release|Any CPU.Build.0 = Release|Any CPU
		{ED090C44-20D6-4649-9429-D2885C71D8A6}.Debug|Any CPU.ActiveCfg = Debug|Any CPU
		{ED090C44-20D6-4649-9429-D2885C71D8A6}.Debug|Any CPU.Build.0 = Debug|Any CPU
		{ED090C44-20D6-4649-9429-D2885C71D8A6}.Release|Any CPU.ActiveCfg = Release|Any CPU
		{ED090C44-20D6-4649-9429-D2885C71D8A6}.Release|Any CPU.Build.0 = Release|Any CPU
		{F0148893-AEED-49CB-A0BE-A39374B3F9D3}.Debug|Any CPU.ActiveCfg = Debug|Any CPU
		{F0148893-AEED-49CB-A0BE-A39374B3F9D3}.Debug|Any CPU.Build.0 = Debug|Any CPU
		{F0148893-AEED-49CB-A0BE-A39374B3F9D3}.Release|Any CPU.ActiveCfg = Release|Any CPU
		{F0148893-AEED-49CB-A0BE-A39374B3F9D3}.Release|Any CPU.Build.0 = Release|Any CPU
	EndGlobalSection
	GlobalSection(SolutionProperties) = preSolution
		HideSolutionNode = FALSE
	EndGlobalSection
	GlobalSection(ExtensibilityGlobals) = postSolution
		SolutionGuid = {8268DC23-8298-4AED-91D1-F2FA329CABF0}
	EndGlobalSection
EndGlobal
