
Microsoft Visual Studio Solution File, Format Version 12.00
# Visual Studio Version 17
VisualStudioVersion = 17.13.36105.23 d17.13
MinimumVisualStudioVersion = 10.0.40219.1
Project("{FAE04EC0-301F-11D3-BF4B-00C04F79EFBC}") = "Binary Search", "Binary Search\Binary Search.csproj", "{60FB5997-CFB9-4F4B-A659-35EDC26AA23F}"
EndProject
Global
	GlobalSection(SolutionConfigurationPlatforms) = preSolution
		Debug|Any CPU = Debug|Any CPU
		Release|Any CPU = Release|Any CPU
	EndGlobalSection
	GlobalSection(ProjectConfigurationPlatforms) = postSolution
		{60FB5997-CFB9-4F4B-A659-35EDC26AA23F}.Debug|Any CPU.ActiveCfg = Debug|Any CPU
		{60FB5997-CFB9-4F4B-A659-35EDC26AA23F}.Debug|Any CPU.Build.0 = Debug|Any CPU
		{60FB5997-CFB9-4F4B-A659-35EDC26AA23F}.Release|Any CPU.ActiveCfg = Release|Any CPU
		{60FB5997-CFB9-4F4B-A659-35EDC26AA23F}.Release|Any CPU.Build.0 = Release|Any CPU
	EndGlobalSection
	GlobalSection(SolutionProperties) = preSolution
		HideSolutionNode = FALSE
	EndGlobalSection
	GlobalSection(ExtensibilityGlobals) = postSolution
		SolutionGuid = {8268DC23-8298-4AED-91D1-F2FA329CABF0}
	EndGlobalSection
EndGlobal
