
Microsoft Visual Studio Solution File, Format Version 12.00
# Visual Studio Version 17
VisualStudioVersion = 17.13.35931.197
MinimumVisualStudioVersion = 10.0.40219.1
Project("{FAE04EC0-301F-11D3-BF4B-00C04F79EFBC}") = "Recursive Array Sum", "Recursion and Backtracking Lab\Recursive Array Sum.csproj", "{7CD9D769-DAB9-4422-B08D-FF728E8A8987}"
EndProject
Project("{FAE04EC0-301F-11D3-BF4B-00C04F79EFBC}") = "Recursive Drawing", "Recursive Drawing\Recursive Drawing.csproj", "{C17AD824-E775-4A24-88CC-529E4C781B4D}"
EndProject
Project("{FAE04EC0-301F-11D3-BF4B-00C04F79EFBC}") = "Generating 0 or 1 Vectors", "Generating 0 or 1 Vectors\Generating 0 or 1 Vectors.csproj", "{24341456-3082-4EC4-AAEA-281012B501F6}"
EndProject
Project("{FAE04EC0-301F-11D3-BF4B-00C04F79EFBC}") = "Recursive Factorial", "Recursive Factorial\Recursive Factorial.csproj", "{228AB6FC-9C97-4C8D-A82F-2ABF2436509B}"
EndProject
Project("{FAE04EC0-301F-11D3-BF4B-00C04F79EFBC}") = "Find All Paths in a Labyrinth", "Find All Paths in a Labyrinth\Find All Paths in a Labyrinth.csproj", "{5EDBA1F9-9937-4F93-8F97-75B33C4B396B}"
EndProject
Project("{FAE04EC0-301F-11D3-BF4B-00C04F79EFBC}") = "Queens Puzzle", "Queens Puzzle\Queens Puzzle.csproj", "{D5DF2718-FD2C-4DE0-AE8D-21FB01461227}"
EndProject
Project("{FAE04EC0-301F-11D3-BF4B-00C04F79EFBC}") = "Recursive Fibonacci", "Recursive Fibonacci\Recursive Fibonacci.csproj", "{66135123-D6BE-41E6-8882-022AF5DAE092}"
EndProject
Global
	GlobalSection(SolutionConfigurationPlatforms) = preSolution
		Debug|Any CPU = Debug|Any CPU
		Release|Any CPU = Release|Any CPU
	EndGlobalSection
	GlobalSection(ProjectConfigurationPlatforms) = postSolution
		{7CD9D769-DAB9-4422-B08D-FF728E8A8987}.Debug|Any CPU.ActiveCfg = Debug|Any CPU
		{7CD9D769-DAB9-4422-B08D-FF728E8A8987}.Debug|Any CPU.Build.0 = Debug|Any CPU
		{7CD9D769-DAB9-4422-B08D-FF728E8A8987}.Release|Any CPU.ActiveCfg = Release|Any CPU
		{7CD9D769-DAB9-4422-B08D-FF728E8A8987}.Release|Any CPU.Build.0 = Release|Any CPU
		{C17AD824-E775-4A24-88CC-529E4C781B4D}.Debug|Any CPU.ActiveCfg = Debug|Any CPU
		{C17AD824-E775-4A24-88CC-529E4C781B4D}.Debug|Any CPU.Build.0 = Debug|Any CPU
		{C17AD824-E775-4A24-88CC-529E4C781B4D}.Release|Any CPU.ActiveCfg = Release|Any CPU
		{C17AD824-E775-4A24-88CC-529E4C781B4D}.Release|Any CPU.Build.0 = Release|Any CPU
		{24341456-3082-4EC4-AAEA-281012B501F6}.Debug|Any CPU.ActiveCfg = Debug|Any CPU
		{24341456-3082-4EC4-AAEA-281012B501F6}.Debug|Any CPU.Build.0 = Debug|Any CPU
		{24341456-3082-4EC4-AAEA-281012B501F6}.Release|Any CPU.ActiveCfg = Release|Any CPU
		{24341456-3082-4EC4-AAEA-281012B501F6}.Release|Any CPU.Build.0 = Release|Any CPU
		{228AB6FC-9C97-4C8D-A82F-2ABF2436509B}.Debug|Any CPU.ActiveCfg = Debug|Any CPU
		{228AB6FC-9C97-4C8D-A82F-2ABF2436509B}.Debug|Any CPU.Build.0 = Debug|Any CPU
		{228AB6FC-9C97-4C8D-A82F-2ABF2436509B}.Release|Any CPU.ActiveCfg = Release|Any CPU
		{228AB6FC-9C97-4C8D-A82F-2ABF2436509B}.Release|Any CPU.Build.0 = Release|Any CPU
		{5EDBA1F9-9937-4F93-8F97-75B33C4B396B}.Debug|Any CPU.ActiveCfg = Debug|Any CPU
		{5EDBA1F9-9937-4F93-8F97-75B33C4B396B}.Debug|Any CPU.Build.0 = Debug|Any CPU
		{5EDBA1F9-9937-4F93-8F97-75B33C4B396B}.Release|Any CPU.ActiveCfg = Release|Any CPU
		{5EDBA1F9-9937-4F93-8F97-75B33C4B396B}.Release|Any CPU.Build.0 = Release|Any CPU
		{D5DF2718-FD2C-4DE0-AE8D-21FB01461227}.Debug|Any CPU.ActiveCfg = Debug|Any CPU
		{D5DF2718-FD2C-4DE0-AE8D-21FB01461227}.Debug|Any CPU.Build.0 = Debug|Any CPU
		{D5DF2718-FD2C-4DE0-AE8D-21FB01461227}.Release|Any CPU.ActiveCfg = Release|Any CPU
		{D5DF2718-FD2C-4DE0-AE8D-21FB01461227}.Release|Any CPU.Build.0 = Release|Any CPU
		{66135123-D6BE-41E6-8882-022AF5DAE092}.Debug|Any CPU.ActiveCfg = Debug|Any CPU
		{66135123-D6BE-41E6-8882-022AF5DAE092}.Debug|Any CPU.Build.0 = Debug|Any CPU
		{66135123-D6BE-41E6-8882-022AF5DAE092}.Release|Any CPU.ActiveCfg = Release|Any CPU
		{66135123-D6BE-41E6-8882-022AF5DAE092}.Release|Any CPU.Build.0 = Release|Any CPU
	EndGlobalSection
	GlobalSection(SolutionProperties) = preSolution
		HideSolutionNode = FALSE
	EndGlobalSection
	GlobalSection(ExtensibilityGlobals) = postSolution
		SolutionGuid = {7AFCECC0-05C3-4B51-BAAC-17BFAD77FEED}
	EndGlobalSection
EndGlobal
